{
  "name": "microservices",
  "version": "1.0.0",
  "lockfileVersion": 3,
  "requires": true,
  "packages": {
    "": {
      "name": "microservices",
      "version": "1.0.0",
      "license": "ISC",
      "dependencies": {
        "molecular": "^0.0.0"
      }
    },
    "node_modules/molecular": {
      "version": "0.0.0",
      "resolved": "https://registry.npmjs.org/molecular/-/molecular-0.0.0.tgz",
      "integrity": "sha512-co1zIw8xYx0Wjb7VrxPDSG3frxTcUjiFpsWwjGY+h5CX2n3KgnofKXwaSrju29gmWCy46N7Q69fDboMJPRoXoQ==",
      "dependencies": {
        "xregexp": "^3.0.0"
      },
      "engines": {
        "node": ">=4.0"
      }
    },
    "node_modules/xregexp": {
      "version": "3.2.0",
      "resolved": "https://registry.npmjs.org/xregexp/-/xregexp-3.2.0.tgz",
      "integrity": "sha512-tWodXkrdYZPGadukpkmhKAbyp37CV5ZiFHacIVPhRZ4/sSt7qtOYHLv2dAqcPN0mBsViY2Qai9JkO7v2TBP6hg=="
    }
  }
}
